
Microsoft Visual Studio Solution File, Format Version 12.00
# Visual Studio Version 17
VisualStudioVersion = 17.0.32014.148
MinimumVisualStudioVersion = 10.0.40219.1
Project("{FAE04EC0-301F-11D3-BF4B-00C04F79EFBC}") = "Tic Tac Toe Spiel", "Tic Tac Toe Spiel.csproj", "{08E08AD9-B2D8-4543-94C9-C3DF322932EC}"
EndProject
Global
	GlobalSection(SolutionConfigurationPlatforms) = preSolution
		Debug|Any CPU = Debug|Any CPU
		Release|Any CPU = Release|Any CPU
	EndGlobalSection
	GlobalSection(ProjectConfigurationPlatforms) = postSolution
		{08E08AD9-B2D8-4543-94C9-C3DF322932EC}.Debug|Any CPU.ActiveCfg = Debug|Any CPU
		{08E08AD9-B2D8-4543-94C9-C3DF322932EC}.Debug|Any CPU.Build.0 = Debug|Any CPU
		{08E08AD9-B2D8-4543-94C9-C3DF322932EC}.Release|Any CPU.ActiveCfg = Release|Any CPU
		{08E08AD9-B2D8-4543-94C9-C3DF322932EC}.Release|Any CPU.Build.0 = Release|Any CPU
	EndGlobalSection
	GlobalSection(SolutionProperties) = preSolution
		HideSolutionNode = FALSE
	EndGlobalSection
	GlobalSection(ExtensibilityGlobals) = postSolution
		SolutionGuid = {632F5A74-05F4-4071-A5A8-A455EBF8C6C9}
	EndGlobalSection
EndGlobal
